
Microsoft Visual Studio Solution File, Format Version 12.00
# Visual Studio Version 17
VisualStudioVersion = 17.13.35818.85 d17.13
MinimumVisualStudioVersion = 10.0.40219.1
Project("{FAE04EC0-301F-11D3-BF4B-00C04F79EFBC}") = "IntellectFlow", "IntellectFlow.csproj", "{97055244-0D40-479D-841B-2B4818D92B44}"
EndProject
Global
	GlobalSection(SolutionConfigurationPlatforms) = preSolution
		Debug|Any CPU = Debug|Any CPU
		Release|Any CPU = Release|Any CPU
	EndGlobalSection
	GlobalSection(ProjectConfigurationPlatforms) = postSolution
		{97055244-0D40-479D-841B-2B4818D92B44}.Debug|Any CPU.ActiveCfg = Debug|Any CPU
		{97055244-0D40-479D-841B-2B4818D92B44}.Debug|Any CPU.Build.0 = Debug|Any CPU
		{97055244-0D40-479D-841B-2B4818D92B44}.Release|Any CPU.ActiveCfg = Release|Any CPU
		{97055244-0D40-479D-841B-2B4818D92B44}.Release|Any CPU.Build.0 = Release|Any CPU
	EndGlobalSection
	GlobalSection(SolutionProperties) = preSolution
		HideSolutionNode = FALSE
	EndGlobalSection
	GlobalSection(ExtensibilityGlobals) = postSolution
		SolutionGuid = {EE38DDFB-6CBF-4644-9438-921D658ABE9F}
	EndGlobalSection
EndGlobal
